
Microsoft Visual Studio Solution File, Format Version 12.00
# Visual Studio Version 17
VisualStudioVersion = 17.10.34928.147
MinimumVisualStudioVersion = 10.0.40219.1
Project("{FAE04EC0-301F-11D3-BF4B-00C04F79EFBC}") = "UrlShortener.API", "UrlShortener.API\UrlShortener.API.csproj", "{60238751-B75A-4647-9F5B-D8558B3EBE08}"
EndProject
Global
	GlobalSection(SolutionConfigurationPlatforms) = preSolution
		Debug|Any CPU = Debug|Any CPU
		Release|Any CPU = Release|Any CPU
	EndGlobalSection
	GlobalSection(ProjectConfigurationPlatforms) = postSolution
		{60238751-B75A-4647-9F5B-D8558B3EBE08}.Debug|Any CPU.ActiveCfg = Debug|Any CPU
		{60238751-B75A-4647-9F5B-D8558B3EBE08}.Debug|Any CPU.Build.0 = Debug|Any CPU
		{60238751-B75A-4647-9F5B-D8558B3EBE08}.Release|Any CPU.ActiveCfg = Release|Any CPU
		{60238751-B75A-4647-9F5B-D8558B3EBE08}.Release|Any CPU.Build.0 = Release|Any CPU
	EndGlobalSection
	GlobalSection(SolutionProperties) = preSolution
		HideSolutionNode = FALSE
	EndGlobalSection
	GlobalSection(ExtensibilityGlobals) = postSolution
		SolutionGuid = {23DB8BEC-45B9-41D8-85EC-76D11A54CB3D}
	EndGlobalSection
EndGlobal
